{
	"name": "RinaControl_alipay",
	"lockfileVersion": 3,
	"requires": true,
	"packages": {
		"": {
			"dependencies": {
				"base64-arraybuffer": "^1.0.2",
				"weui-aliapp": "1.0.0"
			}
		},
		"node_modules/base64-arraybuffer": {
			"version": "1.0.2",
			"resolved": "https://registry.npmjs.org/base64-arraybuffer/-/base64-arraybuffer-1.0.2.tgz",
			"integrity": "sha512-I3yl4r9QB5ZRY3XuJVEPfc2XhZO6YweFPI+UovAzn+8/hb3oJ6lnysaFcjVpkCPfVWFUDvoZ8kmVDP7WyRtYtQ==",
			"engines": {
				"node": ">= 0.6.0"
			}
		},
		"node_modules/weui-aliapp": {
			"version": "1.0.0",
			"resolved": "https://registry.npmmirror.com/weui-aliapp/-/weui-aliapp-1.0.0.tgz",
			"integrity": "sha512-qQ39xAK4Dv/AQUiHX1h6eBymmsSFNdHooGun54MOXQE3tcoZoWB/vmJzXLPrvGnfI0/g6fRsxWj9xsH5iszyEg==",
			"hasInstallScript": true
		}
	}
}
